
Microsoft Visual Studio Solution File, Format Version 12.00
# Visual Studio Version 17
VisualStudioVersion = 17.4.33110.190
MinimumVisualStudioVersion = 10.0.40219.1
Project("{FAE04EC0-301F-11D3-BF4B-00C04F79EFBC}") = "LineComparisonProblem", "LineComparisonProblem.csproj", "{32860FF9-603D-41DA-B34E-BCB26A7C1CB0}"
EndProject
Global
	GlobalSection(SolutionConfigurationPlatforms) = preSolution
		Debug|Any CPU = Debug|Any CPU
		Release|Any CPU = Release|Any CPU
	EndGlobalSection
	GlobalSection(ProjectConfigurationPlatforms) = postSolution
		{32860FF9-603D-41DA-B34E-BCB26A7C1CB0}.Debug|Any CPU.ActiveCfg = Debug|Any CPU
		{32860FF9-603D-41DA-B34E-BCB26A7C1CB0}.Debug|Any CPU.Build.0 = Debug|Any CPU
		{32860FF9-603D-41DA-B34E-BCB26A7C1CB0}.Release|Any CPU.ActiveCfg = Release|Any CPU
		{32860FF9-603D-41DA-B34E-BCB26A7C1CB0}.Release|Any CPU.Build.0 = Release|Any CPU
	EndGlobalSection
	GlobalSection(SolutionProperties) = preSolution
		HideSolutionNode = FALSE
	EndGlobalSection
	GlobalSection(ExtensibilityGlobals) = postSolution
		SolutionGuid = {67544EBD-FB66-46A3-8B89-9CDF416B5108}
	EndGlobalSection
EndGlobal
